// !$*UTF8*$!
{
	archiveVersion = 1;
	classes = {
	};
	objectVersion = 50;
	objects = {

/* Begin PBXBuildFile section */
		D60A14EF25ED6E8100174202 /* FructusApp.swift in Sources */ = {isa = PBXBuildFile; fileRef = D60A14EE25ED6E8100174202 /* FructusApp.swift */; };
		D60A14F125ED6E8100174202 /* ContentView.swift in Sources */ = {isa = PBXBuildFile; fileRef = D60A14F025ED6E8100174202 /* ContentView.swift */; };
		D60A14F325ED6E8200174202 /* Assets.xcassets in Resources */ = {isa = PBXBuildFile; fileRef = D60A14F225ED6E8200174202 /* Assets.xcassets */; };
		D60A14F625ED6E8200174202 /* Preview Assets.xcassets in Resources */ = {isa = PBXBuildFile; fileRef = D60A14F525ED6E8200174202 /* Preview Assets.xcassets */; };
		D60A150325ED740300174202 /* FruitCardView.swift in Sources */ = {isa = PBXBuildFile; fileRef = D60A150225ED740300174202 /* FruitCardView.swift */; };
		D60A150625ED796700174202 /* StartButtonView.swift in Sources */ = {isa = PBXBuildFile; fileRef = D60A150525ED796700174202 /* StartButtonView.swift */; };
		D60A150925ED7DF000174202 /* OnboardingView.swift in Sources */ = {isa = PBXBuildFile; fileRef = D60A150825ED7DF000174202 /* OnboardingView.swift */; };
		D62D43C325EE31A800923580 /* FruitModel.swift in Sources */ = {isa = PBXBuildFile; fileRef = D62D43C225EE31A800923580 /* FruitModel.swift */; };
		D62D43C725EE329000923580 /* FruitData.swift in Sources */ = {isa = PBXBuildFile; fileRef = D62D43C625EE329000923580 /* FruitData.swift */; };
		D62D43CB25EE39CD00923580 /* FruitRawView.swift in Sources */ = {isa = PBXBuildFile; fileRef = D62D43CA25EE39CD00923580 /* FruitRawView.swift */; };
		D62D43CE25EE3DB400923580 /* FruitDetailView.swift in Sources */ = {isa = PBXBuildFile; fileRef = D62D43CD25EE3DB400923580 /* FruitDetailView.swift */; };
		D62D43D125EE441700923580 /* FruitHeaderView.swift in Sources */ = {isa = PBXBuildFile; fileRef = D62D43D025EE441700923580 /* FruitHeaderView.swift */; };
		D62D43D425EE4EA000923580 /* SourceLinkView.swift in Sources */ = {isa = PBXBuildFile; fileRef = D62D43D325EE4EA000923580 /* SourceLinkView.swift */; };
		D62D43D725EE509300923580 /* FruitNutrientsView.swift in Sources */ = {isa = PBXBuildFile; fileRef = D62D43D625EE509300923580 /* FruitNutrientsView.swift */; };
		D62D43DA25EE54CD00923580 /* SettingsView.swift in Sources */ = {isa = PBXBuildFile; fileRef = D62D43D925EE54CD00923580 /* SettingsView.swift */; };
		D62D43DD25EE594E00923580 /* SettingsLabelView.swift in Sources */ = {isa = PBXBuildFile; fileRef = D62D43DC25EE594E00923580 /* SettingsLabelView.swift */; };
		D6E3819625F39F48007534E2 /* SettingsRowView.swift in Sources */ = {isa = PBXBuildFile; fileRef = D6E3819525F39F48007534E2 /* SettingsRowView.swift */; };
/* End PBXBuildFile section */

/* Begin PBXFileReference section */
		D60A14EB25ED6E8100174202 /* Fructus.app */ = {isa = PBXFileReference; explicitFileType = wrapper.application; includeInIndex = 0; path = Fructus.app; sourceTree = BUILT_PRODUCTS_DIR; };
		D60A14EE25ED6E8100174202 /* FructusApp.swift */ = {isa = PBXFileReference; lastKnownFileType = sourcecode.swift; path = FructusApp.swift; sourceTree = "<group>"; };
		D60A14F025ED6E8100174202 /* ContentView.swift */ = {isa = PBXFileReference; lastKnownFileType = sourcecode.swift; path = ContentView.swift; sourceTree = "<group>"; };
		D60A14F225ED6E8200174202 /* Assets.xcassets */ = {isa = PBXFileReference; lastKnownFileType = folder.assetcatalog; path = Assets.xcassets; sourceTree = "<group>"; };
		D60A14F525ED6E8200174202 /* Preview Assets.xcassets */ = {isa = PBXFileReference; lastKnownFileType = folder.assetcatalog; path = "Preview Assets.xcassets"; sourceTree = "<group>"; };
		D60A14F725ED6E8200174202 /* Info.plist */ = {isa = PBXFileReference; lastKnownFileType = text.plist.xml; path = Info.plist; sourceTree = "<group>"; };
		D60A150225ED740300174202 /* FruitCardView.swift */ = {isa = PBXFileReference; lastKnownFileType = sourcecode.swift; path = FruitCardView.swift; sourceTree = "<group>"; };
		D60A150525ED796700174202 /* StartButtonView.swift */ = {isa = PBXFileReference; lastKnownFileType = sourcecode.swift; path = StartButtonView.swift; sourceTree = "<group>"; };
		D60A150825ED7DF000174202 /* OnboardingView.swift */ = {isa = PBXFileReference; lastKnownFileType = sourcecode.swift; path = OnboardingView.swift; sourceTree = "<group>"; };
		D62D43C225EE31A800923580 /* FruitModel.swift */ = {isa = PBXFileReference; lastKnownFileType = sourcecode.swift; path = FruitModel.swift; sourceTree = "<group>"; };
		D62D43C625EE329000923580 /* FruitData.swift */ = {isa = PBXFileReference; lastKnownFileType = sourcecode.swift; path = FruitData.swift; sourceTree = "<group>"; };
		D62D43CA25EE39CD00923580 /* FruitRawView.swift */ = {isa = PBXFileReference; lastKnownFileType = sourcecode.swift; path = FruitRawView.swift; sourceTree = "<group>"; };
		D62D43CD25EE3DB400923580 /* FruitDetailView.swift */ = {isa = PBXFileReference; lastKnownFileType = sourcecode.swift; path = FruitDetailView.swift; sourceTree = "<group>"; };
		D62D43D025EE441700923580 /* FruitHeaderView.swift */ = {isa = PBXFileReference; lastKnownFileType = sourcecode.swift; path = FruitHeaderView.swift; sourceTree = "<group>"; };
		D62D43D325EE4EA000923580 /* SourceLinkView.swift */ = {isa = PBXFileReference; lastKnownFileType = sourcecode.swift; path = SourceLinkView.swift; sourceTree = "<group>"; };
		D62D43D625EE509300923580 /* FruitNutrientsView.swift */ = {isa = PBXFileReference; lastKnownFileType = sourcecode.swift; path = FruitNutrientsView.swift; sourceTree = "<group>"; };
		D62D43D925EE54CD00923580 /* SettingsView.swift */ = {isa = PBXFileReference; lastKnownFileType = sourcecode.swift; path = SettingsView.swift; sourceTree = "<group>"; };
		D62D43DC25EE594E00923580 /* SettingsLabelView.swift */ = {isa = PBXFileReference; lastKnownFileType = sourcecode.swift; path = SettingsLabelView.swift; sourceTree = "<group>"; };
		D6E3819525F39F48007534E2 /* SettingsRowView.swift */ = {isa = PBXFileReference; lastKnownFileType = sourcecode.swift; path = SettingsRowView.swift; sourceTree = "<group>"; };
/* End PBXFileReference section */

/* Begin PBXFrameworksBuildPhase section */
		D60A14E825ED6E8100174202 /* Frameworks */ = {
			isa = PBXFrameworksBuildPhase;
			buildActionMask = 2147483647;
			files = (
			);
			runOnlyForDeploymentPostprocessing = 0;
		};
/* End PBXFrameworksBuildPhase section */

/* Begin PBXGroup section */
		D60A14E225ED6E8100174202 = {
			isa = PBXGroup;
			children = (
				D60A14ED25ED6E8100174202 /* Fructus */,
				D60A14EC25ED6E8100174202 /* Products */,
			);
			sourceTree = "<group>";
		};
		D60A14EC25ED6E8100174202 /* Products */ = {
			isa = PBXGroup;
			children = (
				D60A14EB25ED6E8100174202 /* Fructus.app */,
			);
			name = Products;
			sourceTree = "<group>";
		};
		D60A14ED25ED6E8100174202 /* Fructus */ = {
			isa = PBXGroup;
			children = (
				D60A14FF25ED739F00174202 /* App */,
				D60A150125ED73D600174202 /* View */,
				D62D43C525EE327F00923580 /* Data */,
				D62D43C125EE318F00923580 /* Model */,
				D60A14F225ED6E8200174202 /* Assets.xcassets */,
				D60A14F725ED6E8200174202 /* Info.plist */,
				D60A14F425ED6E8200174202 /* Preview Content */,
			);
			path = Fructus;
			sourceTree = "<group>";
		};
		D60A14F425ED6E8200174202 /* Preview Content */ = {
			isa = PBXGroup;
			children = (
				D60A14F525ED6E8200174202 /* Preview Assets.xcassets */,
			);
			path = "Preview Content";
			sourceTree = "<group>";
		};
		D60A14FF25ED739F00174202 /* App */ = {
			isa = PBXGroup;
			children = (
				D60A14EE25ED6E8100174202 /* FructusApp.swift */,
				D60A14F025ED6E8100174202 /* ContentView.swift */,
				D60A150825ED7DF000174202 /* OnboardingView.swift */,
				D62D43CD25EE3DB400923580 /* FruitDetailView.swift */,
				D62D43D925EE54CD00923580 /* SettingsView.swift */,
			);
			path = App;
			sourceTree = "<group>";
		};
		D60A150125ED73D600174202 /* View */ = {
			isa = PBXGroup;
			children = (
				D60A150225ED740300174202 /* FruitCardView.swift */,
				D60A150525ED796700174202 /* StartButtonView.swift */,
				D62D43CA25EE39CD00923580 /* FruitRawView.swift */,
				D62D43D025EE441700923580 /* FruitHeaderView.swift */,
				D62D43D325EE4EA000923580 /* SourceLinkView.swift */,
				D62D43D625EE509300923580 /* FruitNutrientsView.swift */,
				D62D43DC25EE594E00923580 /* SettingsLabelView.swift */,
				D6E3819525F39F48007534E2 /* SettingsRowView.swift */,
			);
			path = View;
			sourceTree = "<group>";
		};
		D62D43C125EE318F00923580 /* Model */ = {
			isa = PBXGroup;
			children = (
				D62D43C225EE31A800923580 /* FruitModel.swift */,
			);
			path = Model;
			sourceTree = "<group>";
		};
		D62D43C525EE327F00923580 /* Data */ = {
			isa = PBXGroup;
			children = (
				D62D43C625EE329000923580 /* FruitData.swift */,
			);
			path = Data;
			sourceTree = "<group>";
		};
/* End PBXGroup section */

/* Begin PBXNativeTarget section */
		D60A14EA25ED6E8100174202 /* Fructus */ = {
			isa = PBXNativeTarget;
			buildConfigurationList = D60A14FA25ED6E8200174202 /* Build configuration list for PBXNativeTarget "Fructus" */;
			buildPhases = (
				D60A14E725ED6E8100174202 /* Sources */,
				D60A14E825ED6E8100174202 /* Frameworks */,
				D60A14E925ED6E8100174202 /* Resources */,
			);
			buildRules = (
			);
			dependencies = (
			);
			name = Fructus;
			productName = Fructus;
			productReference = D60A14EB25ED6E8100174202 /* Fructus.app */;
			productType = "com.apple.product-type.application";
		};
/* End PBXNativeTarget section */

/* Begin PBXProject section */
		D60A14E325ED6E8100174202 /* Project object */ = {
			isa = PBXProject;
			attributes = {
				LastSwiftUpdateCheck = 1240;
				LastUpgradeCheck = 1240;
				TargetAttributes = {
					D60A14EA25ED6E8100174202 = {
						CreatedOnToolsVersion = 12.4;
					};
				};
			};
			buildConfigurationList = D60A14E625ED6E8100174202 /* Build configuration list for PBXProject "Fructus" */;
			compatibilityVersion = "Xcode 9.3";
			developmentRegion = en;
			hasScannedForEncodings = 0;
			knownRegions = (
				en,
				Base,
			);
			mainGroup = D60A14E225ED6E8100174202;
			productRefGroup = D60A14EC25ED6E8100174202 /* Products */;
			projectDirPath = "";
			projectRoot = "";
			targets = (
				D60A14EA25ED6E8100174202 /* Fructus */,
			);
		};
/* End PBXProject section */

/* Begin PBXResourcesBuildPhase section */
		D60A14E925ED6E8100174202 /* Resources */ = {
			isa = PBXResourcesBuildPhase;
			buildActionMask = 2147483647;
			files = (
				D60A14F625ED6E8200174202 /* Preview Assets.xcassets in Resources */,
				D60A14F325ED6E8200174202 /* Assets.xcassets in Resources */,
			);
			runOnlyForDeploymentPostprocessing = 0;
		};
/* End PBXResourcesBuildPhase section */

/* Begin PBXSourcesBuildPhase section */
		D60A14E725ED6E8100174202 /* Sources */ = {
			isa = PBXSourcesBuildPhase;
			buildActionMask = 2147483647;
			files = (
				D62D43C725EE329000923580 /* FruitData.swift in Sources */,
				D62D43D425EE4EA000923580 /* SourceLinkView.swift in Sources */,
				D6E3819625F39F48007534E2 /* SettingsRowView.swift in Sources */,
				D60A150325ED740300174202 /* FruitCardView.swift in Sources */,
				D60A150625ED796700174202 /* StartButtonView.swift in Sources */,
				D62D43D725EE509300923580 /* FruitNutrientsView.swift in Sources */,
				D60A14F125ED6E8100174202 /* ContentView.swift in Sources */,
				D62D43CE25EE3DB400923580 /* FruitDetailView.swift in Sources */,
				D62D43CB25EE39CD00923580 /* FruitRawView.swift in Sources */,
				D62D43D125EE441700923580 /* FruitHeaderView.swift in Sources */,
				D60A150925ED7DF000174202 /* OnboardingView.swift in Sources */,
				D62D43DD25EE594E00923580 /* SettingsLabelView.swift in Sources */,
				D62D43C325EE31A800923580 /* FruitModel.swift in Sources */,
				D60A14EF25ED6E8100174202 /* FructusApp.swift in Sources */,
				D62D43DA25EE54CD00923580 /* SettingsView.swift in Sources */,
			);
			runOnlyForDeploymentPostprocessing = 0;
		};
/* End PBXSourcesBuildPhase section */

/* Begin XCBuildConfiguration section */
		D60A14F825ED6E8200174202 /* Debug */ = {
			isa = XCBuildConfiguration;
			buildSettings = {
				ALWAYS_SEARCH_USER_PATHS = NO;
				CLANG_ANALYZER_NONNULL = YES;
				CLANG_ANALYZER_NUMBER_OBJECT_CONVERSION = YES_AGGRESSIVE;
				CLANG_CXX_LANGUAGE_STANDARD = "gnu++14";
				CLANG_CXX_LIBRARY = "libc++";
				CLANG_ENABLE_MODULES = YES;
				CLANG_ENABLE_OBJC_ARC = YES;
				CLANG_ENABLE_OBJC_WEAK = YES;
				CLANG_WARN_BLOCK_CAPTURE_AUTORELEASING = YES;
				CLANG_WARN_BOOL_CONVERSION = YES;
				CLANG_WARN_COMMA = YES;
				CLANG_WARN_CONSTANT_CONVERSION = YES;
				CLANG_WARN_DEPRECATED_OBJC_IMPLEMENTATIONS = YES;
				CLANG_WARN_DIRECT_OBJC_ISA_USAGE = YES_ERROR;
				CLANG_WARN_DOCUMENTATION_COMMENTS = YES;
				CLANG_WARN_EMPTY_BODY = YES;
				CLANG_WARN_ENUM_CONVERSION = YES;
				CLANG_WARN_INFINITE_RECURSION = YES;
				CLANG_WARN_INT_CONVERSION = YES;
				CLANG_WARN_NON_LITERAL_NULL_CONVERSION = YES;
				CLANG_WARN_OBJC_IMPLICIT_RETAIN_SELF = YES;
				CLANG_WARN_OBJC_LITERAL_CONVERSION = YES;
				CLANG_WARN_OBJC_ROOT_CLASS = YES_ERROR;
				CLANG_WARN_QUOTED_INCLUDE_IN_FRAMEWORK_HEADER = YES;
				CLANG_WARN_RANGE_LOOP_ANALYSIS = YES;
				CLANG_WARN_STRICT_PROTOTYPES = YES;
				CLANG_WARN_SUSPICIOUS_MOVE = YES;
				CLANG_WARN_UNGUARDED_AVAILABILITY = YES_AGGRESSIVE;
				CLANG_WARN_UNREACHABLE_CODE = YES;
				CLANG_WARN__DUPLICATE_METHOD_MATCH = YES;
				COPY_PHASE_STRIP = NO;
				DEBUG_INFORMATION_FORMAT = dwarf;
				ENABLE_STRICT_OBJC_MSGSEND = YES;
				ENABLE_TESTABILITY = YES;
				GCC_C_LANGUAGE_STANDARD = gnu11;
				GCC_DYNAMIC_NO_PIC = NO;
				GCC_NO_COMMON_BLOCKS = YES;
				GCC_OPTIMIZATION_LEVEL = 0;
				GCC_PREPROCESSOR_DEFINITIONS = (
					"DEBUG=1",
					"$(inherited)",
				);
				GCC_WARN_64_TO_32_BIT_CONVERSION = YES;
				GCC_WARN_ABOUT_RETURN_TYPE = YES_ERROR;
				GCC_WARN_UNDECLARED_SELECTOR = YES;
				GCC_WARN_UNINITIALIZED_AUTOS = YES_AGGRESSIVE;
				GCC_WARN_UNUSED_FUNCTION = YES;
				GCC_WARN_UNUSED_VARIABLE = YES;
				IPHONEOS_DEPLOYMENT_TARGET = 14.4;
				MTL_ENABLE_DEBUG_INFO = INCLUDE_SOURCE;
				MTL_FAST_MATH = YES;
				ONLY_ACTIVE_ARCH = YES;
				SDKROOT = iphoneos;
				SWIFT_ACTIVE_COMPILATION_CONDITIONS = DEBUG;
				SWIFT_OPTIMIZATION_LEVEL = "-Onone";
			};
			name = Debug;
		};
		D60A14F925ED6E8200174202 /* Release */ = {
			isa = XCBuildConfiguration;
			buildSettings = {
				ALWAYS_SEARCH_USER_PATHS = NO;
				CLANG_ANALYZER_NONNULL = YES;
				CLANG_ANALYZER_NUMBER_OBJECT_CONVERSION = YES_AGGRESSIVE;
				CLANG_CXX_LANGUAGE_STANDARD = "gnu++14";
				CLANG_CXX_LIBRARY = "libc++";
				CLANG_ENABLE_MODULES = YES;
				CLANG_ENABLE_OBJC_ARC = YES;
				CLANG_ENABLE_OBJC_WEAK = YES;
				CLANG_WARN_BLOCK_CAPTURE_AUTORELEASING = YES;
				CLANG_WARN_BOOL_CONVERSION = YES;
				CLANG_WARN_COMMA = YES;
				CLANG_WARN_CONSTANT_CONVERSION = YES;
				CLANG_WARN_DEPRECATED_OBJC_IMPLEMENTATIONS = YES;
				CLANG_WARN_DIRECT_OBJC_ISA_USAGE = YES_ERROR;
				CLANG_WARN_DOCUMENTATION_COMMENTS = YES;
				CLANG_WARN_EMPTY_BODY = YES;
				CLANG_WARN_ENUM_CONVERSION = YES;
				CLANG_WARN_INFINITE_RECURSION = YES;
				CLANG_WARN_INT_CONVERSION = YES;
				CLANG_WARN_NON_LITERAL_NULL_CONVERSION = YES;
				CLANG_WARN_OBJC_IMPLICIT_RETAIN_SELF = YES;
				CLANG_WARN_OBJC_LITERAL_CONVERSION = YES;
				CLANG_WARN_OBJC_ROOT_CLASS = YES_ERROR;
				CLANG_WARN_QUOTED_INCLUDE_IN_FRAMEWORK_HEADER = YES;
				CLANG_WARN_RANGE_LOOP_ANALYSIS = YES;
				CLANG_WARN_STRICT_PROTOTYPES = YES;
				CLANG_WARN_SUSPICIOUS_MOVE = YES;
				CLANG_WARN_UNGUARDED_AVAILABILITY = YES_AGGRESSIVE;
				CLANG_WARN_UNREACHABLE_CODE = YES;
				CLANG_WARN__DUPLICATE_METHOD_MATCH = YES;
				COPY_PHASE_STRIP = NO;
				DEBUG_INFORMATION_FORMAT = "dwarf-with-dsym";
				ENABLE_NS_ASSERTIONS = NO;
				ENABLE_STRICT_OBJC_MSGSEND = YES;
				GCC_C_LANGUAGE_STANDARD = gnu11;
				GCC_NO_COMMON_BLOCKS = YES;
				GCC_WARN_64_TO_32_BIT_CONVERSION = YES;
				GCC_WARN_ABOUT_RETURN_TYPE = YES_ERROR;
				GCC_WARN_UNDECLARED_SELECTOR = YES;
				GCC_WARN_UNINITIALIZED_AUTOS = YES_AGGRESSIVE;
				GCC_WARN_UNUSED_FUNCTION = YES;
				GCC_WARN_UNUSED_VARIABLE = YES;
				IPHONEOS_DEPLOYMENT_TARGET = 14.4;
				MTL_ENABLE_DEBUG_INFO = NO;
				MTL_FAST_MATH = YES;
				SDKROOT = iphoneos;
				SWIFT_COMPILATION_MODE = wholemodule;
				SWIFT_OPTIMIZATION_LEVEL = "-O";
				VALIDATE_PRODUCT = YES;
			};
			name = Release;
		};
		D60A14FB25ED6E8200174202 /* Debug */ = {
			isa = XCBuildConfiguration;
			buildSettings = {
				ASSETCATALOG_COMPILER_APPICON_NAME = AppIcon;
				ASSETCATALOG_COMPILER_GLOBAL_ACCENT_COLOR_NAME = AccentColor;
				CODE_SIGN_STYLE = Automatic;
				DEVELOPMENT_ASSET_PATHS = "\"Fructus/Preview Content\"";
				DEVELOPMENT_TEAM = FH6MHCYNH7;
				ENABLE_PREVIEWS = YES;
				INFOPLIST_FILE = Fructus/Info.plist;
				IPHONEOS_DEPLOYMENT_TARGET = 14.0;
				LD_RUNPATH_SEARCH_PATHS = (
					"$(inherited)",
					"@executable_path/Frameworks",
				);
				PRODUCT_BUNDLE_IDENTIFIER = com.kusjedrzej.Fructus;
				PRODUCT_NAME = "$(TARGET_NAME)";
				SWIFT_VERSION = 5.0;
				TARGETED_DEVICE_FAMILY = "1,2";
			};
			name = Debug;
		};
		D60A14FC25ED6E8200174202 /* Release */ = {
			isa = XCBuildConfiguration;
			buildSettings = {
				ASSETCATALOG_COMPILER_APPICON_NAME = AppIcon;
				ASSETCATALOG_COMPILER_GLOBAL_ACCENT_COLOR_NAME = AccentColor;
				CODE_SIGN_STYLE = Automatic;
				DEVELOPMENT_ASSET_PATHS = "\"Fructus/Preview Content\"";
				DEVELOPMENT_TEAM = FH6MHCYNH7;
				ENABLE_PREVIEWS = YES;
				INFOPLIST_FILE = Fructus/Info.plist;
				IPHONEOS_DEPLOYMENT_TARGET = 14.0;
				LD_RUNPATH_SEARCH_PATHS = (
					"$(inherited)",
					"@executable_path/Frameworks",
				);
				PRODUCT_BUNDLE_IDENTIFIER = com.kusjedrzej.Fructus;
				PRODUCT_NAME = "$(TARGET_NAME)";
				SWIFT_VERSION = 5.0;
				TARGETED_DEVICE_FAMILY = "1,2";
			};
			name = Release;
		};
/* End XCBuildConfiguration section */

/* Begin XCConfigurationList section */
		D60A14E625ED6E8100174202 /* Build configuration list for PBXProject "Fructus" */ = {
			isa = XCConfigurationList;
			buildConfigurations = (
				D60A14F825ED6E8200174202 /* Debug */,
				D60A14F925ED6E8200174202 /* Release */,
			);
			defaultConfigurationIsVisible = 0;
			defaultConfigurationName = Release;
		};
		D60A14FA25ED6E8200174202 /* Build configuration list for PBXNativeTarget "Fructus" */ = {
			isa = XCConfigurationList;
			buildConfigurations = (
				D60A14FB25ED6E8200174202 /* Debug */,
				D60A14FC25ED6E8200174202 /* Release */,
			);
			defaultConfigurationIsVisible = 0;
			defaultConfigurationName = Release;
		};
/* End XCConfigurationList section */
	};
	rootObject = D60A14E325ED6E8100174202 /* Project object */;
}
